
Microsoft Visual Studio Solution File, Format Version 12.00
# Visual Studio Version 17
VisualStudioVersion = 17.0.31903.59
MinimumVisualStudioVersion = 10.0.40219.1
Project("{2150E333-8FDC-42A3-9474-1A3956D46DE8}") = "src", "src", "{827E0CD3-B72D-47B6-A68D-7590B98EB39B}"
EndProject
Project("{FAE04EC0-301F-11D3-BF4B-00C04F79EFBC}") = "AgenticJobSearch.Domain", "src\AgenticJobSearch.Domain\AgenticJobSearch.Domain.csproj", "{B5B290EA-4635-4C63-8AFF-F108E628B20C}"
EndProject
Project("{FAE04EC0-301F-11D3-BF4B-00C04F79EFBC}") = "AgenticJobSearch.Application", "src\AgenticJobSearch.Application\AgenticJobSearch.Application.csproj", "{07B3ECDB-F422-4436-AA18-2574723B77EA}"
EndProject
Project("{FAE04EC0-301F-11D3-BF4B-00C04F79EFBC}") = "AgenticJobSearch.Infrastructure", "src\AgenticJobSearch.Infrastructure\AgenticJobSearch.Infrastructure.csproj", "{DBEA0F42-4520-47D7-8565-4FA61CA618FB}"
EndProject
Project("{FAE04EC0-301F-11D3-BF4B-00C04F79EFBC}") = "AgenticJobSearch.Api", "src\AgenticJobSearch.Api\AgenticJobSearch.Api.csproj", "{1F88950B-F020-48CC-91BA-BE07D221C1EB}"
EndProject
Project("{FAE04EC0-301F-11D3-BF4B-00C04F79EFBC}") = "AgenticJobSearch.Worker", "src\AgenticJobSearch.Worker\AgenticJobSearch.Worker.csproj", "{F56C8070-019A-430B-8222-89041690FA00}"
EndProject
Project("{FAE04EC0-301F-11D3-BF4B-00C04F79EFBC}") = "AgenticJobSearch.Tests", "tests\AgenticJobSearch.Tests\AgenticJobSearch.Tests.csproj", "{F0479C51-C471-4482-A481-3014B672BC12}"
EndProject
Project("{2150E333-8FDC-42A3-9474-1A3956D46DE8}") = "tests", "tests", "{0AB3BF05-4346-4AA6-1389-037BE0695223}"
EndProject
Project("{FAE04EC0-301F-11D3-BF4B-00C04F79EFBC}") = "AgenticJobSearch.Api.IntegrationTests", "tests\AgenticJobSearch.Api.IntegrationTests\AgenticJobSearch.Api.IntegrationTests.csproj", "{3B7C7255-8B81-4D5E-91B9-AC5C3A08A33B}"
EndProject
Project("{FAE04EC0-301F-11D3-BF4B-00C04F79EFBC}") = "AgenticJobSearch.ImportTestHost", "tests\AgenticJobSearch.ImportTestHost\AgenticJobSearch.ImportTestHost.csproj", "{05843957-023E-487D-B77C-AA9B916E81F7}"
EndProject
Global
	GlobalSection(SolutionConfigurationPlatforms) = preSolution
		Debug|Any CPU = Debug|Any CPU
		Debug|x64 = Debug|x64
		Debug|x86 = Debug|x86
		Release|Any CPU = Release|Any CPU
		Release|x64 = Release|x64
		Release|x86 = Release|x86
	EndGlobalSection
	GlobalSection(ProjectConfigurationPlatforms) = postSolution
		{B5B290EA-4635-4C63-8AFF-F108E628B20C}.Debug|Any CPU.ActiveCfg = Debug|Any CPU
		{B5B290EA-4635-4C63-8AFF-F108E628B20C}.Debug|Any CPU.Build.0 = Debug|Any CPU
		{B5B290EA-4635-4C63-8AFF-F108E628B20C}.Debug|x64.ActiveCfg = Debug|Any CPU
		{B5B290EA-4635-4C63-8AFF-F108E628B20C}.Debug|x64.Build.0 = Debug|Any CPU
		{B5B290EA-4635-4C63-8AFF-F108E628B20C}.Debug|x86.ActiveCfg = Debug|Any CPU
		{B5B290EA-4635-4C63-8AFF-F108E628B20C}.Debug|x86.Build.0 = Debug|Any CPU
		{B5B290EA-4635-4C63-8AFF-F108E628B20C}.Release|Any CPU.ActiveCfg = Release|Any CPU
		{B5B290EA-4635-4C63-8AFF-F108E628B20C}.Release|Any CPU.Build.0 = Release|Any CPU
		{B5B290EA-4635-4C63-8AFF-F108E628B20C}.Release|x64.ActiveCfg = Release|Any CPU
		{B5B290EA-4635-4C63-8AFF-F108E628B20C}.Release|x64.Build.0 = Release|Any CPU
		{B5B290EA-4635-4C63-8AFF-F108E628B20C}.Release|x86.ActiveCfg = Release|Any CPU
		{B5B290EA-4635-4C63-8AFF-F108E628B20C}.Release|x86.Build.0 = Release|Any CPU
		{07B3ECDB-F422-4436-AA18-2574723B77EA}.Debug|Any CPU.ActiveCfg = Debug|Any CPU
		{07B3ECDB-F422-4436-AA18-2574723B77EA}.Debug|Any CPU.Build.0 = Debug|Any CPU
		{07B3ECDB-F422-4436-AA18-2574723B77EA}.Debug|x64.ActiveCfg = Debug|Any CPU
		{07B3ECDB-F422-4436-AA18-2574723B77EA}.Debug|x64.Build.0 = Debug|Any CPU
		{07B3ECDB-F422-4436-AA18-2574723B77EA}.Debug|x86.ActiveCfg = Debug|Any CPU
		{07B3ECDB-F422-4436-AA18-2574723B77EA}.Debug|x86.Build.0 = Debug|Any CPU
		{07B3ECDB-F422-4436-AA18-2574723B77EA}.Release|Any CPU.ActiveCfg = Release|Any CPU
		{07B3ECDB-F422-4436-AA18-2574723B77EA}.Release|Any CPU.Build.0 = Release|Any CPU
		{07B3ECDB-F422-4436-AA18-2574723B77EA}.Release|x64.ActiveCfg = Release|Any CPU
		{07B3ECDB-F422-4436-AA18-2574723B77EA}.Release|x64.Build.0 = Release|Any CPU
		{07B3ECDB-F422-4436-AA18-2574723B77EA}.Release|x86.ActiveCfg = Release|Any CPU
		{07B3ECDB-F422-4436-AA18-2574723B77EA}.Release|x86.Build.0 = Release|Any CPU
		{DBEA0F42-4520-47D7-8565-4FA61CA618FB}.Debug|Any CPU.ActiveCfg = Debug|Any CPU
		{DBEA0F42-4520-47D7-8565-4FA61CA618FB}.Debug|Any CPU.Build.0 = Debug|Any CPU
		{DBEA0F42-4520-47D7-8565-4FA61CA618FB}.Debug|x64.ActiveCfg = Debug|Any CPU
		{DBEA0F42-4520-47D7-8565-4FA61CA618FB}.Debug|x64.Build.0 = Debug|Any CPU
		{DBEA0F42-4520-47D7-8565-4FA61CA618FB}.Debug|x86.ActiveCfg = Debug|Any CPU
		{DBEA0F42-4520-47D7-8565-4FA61CA618FB}.Debug|x86.Build.0 = Debug|Any CPU
		{DBEA0F42-4520-47D7-8565-4FA61CA618FB}.Release|Any CPU.ActiveCfg = Release|Any CPU
		{DBEA0F42-4520-47D7-8565-4FA61CA618FB}.Release|Any CPU.Build.0 = Release|Any CPU
		{DBEA0F42-4520-47D7-8565-4FA61CA618FB}.Release|x64.ActiveCfg = Release|Any CPU
		{DBEA0F42-4520-47D7-8565-4FA61CA618FB}.Release|x64.Build.0 = Release|Any CPU
		{DBEA0F42-4520-47D7-8565-4FA61CA618FB}.Release|x86.ActiveCfg = Release|Any CPU
		{DBEA0F42-4520-47D7-8565-4FA61CA618FB}.Release|x86.Build.0 = Release|Any CPU
		{1F88950B-F020-48CC-91BA-BE07D221C1EB}.Debug|Any CPU.ActiveCfg = Debug|Any CPU
		{1F88950B-F020-48CC-91BA-BE07D221C1EB}.Debug|Any CPU.Build.0 = Debug|Any CPU
		{1F88950B-F020-48CC-91BA-BE07D221C1EB}.Debug|x64.ActiveCfg = Debug|Any CPU
		{1F88950B-F020-48CC-91BA-BE07D221C1EB}.Debug|x64.Build.0 = Debug|Any CPU
		{1F88950B-F020-48CC-91BA-BE07D221C1EB}.Debug|x86.ActiveCfg = Debug|Any CPU
		{1F88950B-F020-48CC-91BA-BE07D221C1EB}.Debug|x86.Build.0 = Debug|Any CPU
		{1F88950B-F020-48CC-91BA-BE07D221C1EB}.Release|Any CPU.ActiveCfg = Release|Any CPU
		{1F88950B-F020-48CC-91BA-BE07D221C1EB}.Release|Any CPU.Build.0 = Release|Any CPU
		{1F88950B-F020-48CC-91BA-BE07D221C1EB}.Release|x64.ActiveCfg = Release|Any CPU
		{1F88950B-F020-48CC-91BA-BE07D221C1EB}.Release|x64.Build.0 = Release|Any CPU
		{1F88950B-F020-48CC-91BA-BE07D221C1EB}.Release|x86.ActiveCfg = Release|Any CPU
		{1F88950B-F020-48CC-91BA-BE07D221C1EB}.Release|x86.Build.0 = Release|Any CPU
		{F56C8070-019A-430B-8222-89041690FA00}.Debug|Any CPU.ActiveCfg = Debug|Any CPU
		{F56C8070-019A-430B-8222-89041690FA00}.Debug|Any CPU.Build.0 = Debug|Any CPU
		{F56C8070-019A-430B-8222-89041690FA00}.Debug|x64.ActiveCfg = Debug|Any CPU
		{F56C8070-019A-430B-8222-89041690FA00}.Debug|x64.Build.0 = Debug|Any CPU
		{F56C8070-019A-430B-8222-89041690FA00}.Debug|x86.ActiveCfg = Debug|Any CPU
		{F56C8070-019A-430B-8222-89041690FA00}.Debug|x86.Build.0 = Debug|Any CPU
		{F56C8070-019A-430B-8222-89041690FA00}.Release|Any CPU.ActiveCfg = Release|Any CPU
		{F56C8070-019A-430B-8222-89041690FA00}.Release|Any CPU.Build.0 = Release|Any CPU
		{F56C8070-019A-430B-8222-89041690FA00}.Release|x64.ActiveCfg = Release|Any CPU
		{F56C8070-019A-430B-8222-89041690FA00}.Release|x64.Build.0 = Release|Any CPU
		{F56C8070-019A-430B-8222-89041690FA00}.Release|x86.ActiveCfg = Release|Any CPU
		{F56C8070-019A-430B-8222-89041690FA00}.Release|x86.Build.0 = Release|Any CPU
		{F0479C51-C471-4482-A481-3014B672BC12}.Debug|Any CPU.ActiveCfg = Debug|Any CPU
		{F0479C51-C471-4482-A481-3014B672BC12}.Debug|Any CPU.Build.0 = Debug|Any CPU
		{F0479C51-C471-4482-A481-3014B672BC12}.Debug|x64.ActiveCfg = Debug|Any CPU
		{F0479C51-C471-4482-A481-3014B672BC12}.Debug|x64.Build.0 = Debug|Any CPU
		{F0479C51-C471-4482-A481-3014B672BC12}.Debug|x86.ActiveCfg = Debug|Any CPU
		{F0479C51-C471-4482-A481-3014B672BC12}.Debug|x86.Build.0 = Debug|Any CPU
		{F0479C51-C471-4482-A481-3014B672BC12}.Release|Any CPU.ActiveCfg = Release|Any CPU
		{F0479C51-C471-4482-A481-3014B672BC12}.Release|Any CPU.Build.0 = Release|Any CPU
		{F0479C51-C471-4482-A481-3014B672BC12}.Release|x64.ActiveCfg = Release|Any CPU
		{F0479C51-C471-4482-A481-3014B672BC12}.Release|x64.Build.0 = Release|Any CPU
		{F0479C51-C471-4482-A481-3014B672BC12}.Release|x86.ActiveCfg = Release|Any CPU
		{F0479C51-C471-4482-A481-3014B672BC12}.Release|x86.Build.0 = Release|Any CPU
		{3B7C7255-8B81-4D5E-91B9-AC5C3A08A33B}.Debug|Any CPU.ActiveCfg = Debug|Any CPU
		{3B7C7255-8B81-4D5E-91B9-AC5C3A08A33B}.Debug|Any CPU.Build.0 = Debug|Any CPU
		{3B7C7255-8B81-4D5E-91B9-AC5C3A08A33B}.Debug|x64.ActiveCfg = Debug|Any CPU
		{3B7C7255-8B81-4D5E-91B9-AC5C3A08A33B}.Debug|x64.Build.0 = Debug|Any CPU
		{3B7C7255-8B81-4D5E-91B9-AC5C3A08A33B}.Debug|x86.ActiveCfg = Debug|Any CPU
		{3B7C7255-8B81-4D5E-91B9-AC5C3A08A33B}.Debug|x86.Build.0 = Debug|Any CPU
		{3B7C7255-8B81-4D5E-91B9-AC5C3A08A33B}.Release|Any CPU.ActiveCfg = Release|Any CPU
		{3B7C7255-8B81-4D5E-91B9-AC5C3A08A33B}.Release|Any CPU.Build.0 = Release|Any CPU
		{3B7C7255-8B81-4D5E-91B9-AC5C3A08A33B}.Release|x64.ActiveCfg = Release|Any CPU
		{3B7C7255-8B81-4D5E-91B9-AC5C3A08A33B}.Release|x64.Build.0 = Release|Any CPU
		{3B7C7255-8B81-4D5E-91B9-AC5C3A08A33B}.Release|x86.ActiveCfg = Release|Any CPU
		{3B7C7255-8B81-4D5E-91B9-AC5C3A08A33B}.Release|x86.Build.0 = Release|Any CPU
		{05843957-023E-487D-B77C-AA9B916E81F7}.Debug|Any CPU.ActiveCfg = Debug|Any CPU
		{05843957-023E-487D-B77C-AA9B916E81F7}.Debug|Any CPU.Build.0 = Debug|Any CPU
		{05843957-023E-487D-B77C-AA9B916E81F7}.Debug|x64.ActiveCfg = Debug|Any CPU
		{05843957-023E-487D-B77C-AA9B916E81F7}.Debug|x64.Build.0 = Debug|Any CPU
		{05843957-023E-487D-B77C-AA9B916E81F7}.Debug|x86.ActiveCfg = Debug|Any CPU
		{05843957-023E-487D-B77C-AA9B916E81F7}.Debug|x86.Build.0 = Debug|Any CPU
		{05843957-023E-487D-B77C-AA9B916E81F7}.Release|Any CPU.ActiveCfg = Release|Any CPU
		{05843957-023E-487D-B77C-AA9B916E81F7}.Release|Any CPU.Build.0 = Release|Any CPU
		{05843957-023E-487D-B77C-AA9B916E81F7}.Release|x64.ActiveCfg = Release|Any CPU
		{05843957-023E-487D-B77C-AA9B916E81F7}.Release|x64.Build.0 = Release|Any CPU
		{05843957-023E-487D-B77C-AA9B916E81F7}.Release|x86.ActiveCfg = Release|Any CPU
		{05843957-023E-487D-B77C-AA9B916E81F7}.Release|x86.Build.0 = Release|Any CPU
	EndGlobalSection
	GlobalSection(SolutionProperties) = preSolution
		HideSolutionNode = FALSE
	EndGlobalSection
	GlobalSection(NestedProjects) = preSolution
		{B5B290EA-4635-4C63-8AFF-F108E628B20C} = {827E0CD3-B72D-47B6-A68D-7590B98EB39B}
		{07B3ECDB-F422-4436-AA18-2574723B77EA} = {827E0CD3-B72D-47B6-A68D-7590B98EB39B}
		{DBEA0F42-4520-47D7-8565-4FA61CA618FB} = {827E0CD3-B72D-47B6-A68D-7590B98EB39B}
		{1F88950B-F020-48CC-91BA-BE07D221C1EB} = {827E0CD3-B72D-47B6-A68D-7590B98EB39B}
		{F56C8070-019A-430B-8222-89041690FA00} = {827E0CD3-B72D-47B6-A68D-7590B98EB39B}
		{F0479C51-C471-4482-A481-3014B672BC12} = {827E0CD3-B72D-47B6-A68D-7590B98EB39B}
		{3B7C7255-8B81-4D5E-91B9-AC5C3A08A33B} = {0AB3BF05-4346-4AA6-1389-037BE0695223}
		{05843957-023E-487D-B77C-AA9B916E81F7} = {0AB3BF05-4346-4AA6-1389-037BE0695223}
	EndGlobalSection
EndGlobal
